// !$*UTF8*$!
{
	archiveVersion = 1;
	classes = {
	};
	objectVersion = 46;
	objects = {

/* Begin PBXBuildFile section */
		5897D0F81D72E40000BFD5B8 /* main.m in Sources */ = {isa = PBXBuildFile; fileRef = 5897D0F71D72E40000BFD5B8 /* main.m */; };
		5897D0FB1D72E40000BFD5B8 /* AppDelegate.m in Sources */ = {isa = PBXBuildFile; fileRef = 5897D0FA1D72E40000BFD5B8 /* AppDelegate.m */; };
		5897D1031D72E40000BFD5B8 /* Assets.xcassets in Resources */ = {isa = PBXBuildFile; fileRef = 5897D1021D72E40000BFD5B8 /* Assets.xcassets */; };
		5897D1061D72E40000BFD5B8 /* LaunchScreen.storyboard in Resources */ = {isa = PBXBuildFile; fileRef = 5897D1041D72E40000BFD5B8 /* LaunchScreen.storyboard */; };
		5897D1111D72E40000BFD5B8 /* ZKZoomCollectionViewTests.m in Sources */ = {isa = PBXBuildFile; fileRef = 5897D1101D72E40000BFD5B8 /* ZKZoomCollectionViewTests.m */; };
		5897D11C1D72E40000BFD5B8 /* ZKZoomCollectionViewUITests.m in Sources */ = {isa = PBXBuildFile; fileRef = 5897D11B1D72E40000BFD5B8 /* ZKZoomCollectionViewUITests.m */; };
		5897D12D1D72E45300BFD5B8 /* ZKMainViewController.m in Sources */ = {isa = PBXBuildFile; fileRef = 5897D12B1D72E45300BFD5B8 /* ZKMainViewController.m */; };
		5897D12E1D72E45300BFD5B8 /* ZKMainViewController.xib in Resources */ = {isa = PBXBuildFile; fileRef = 5897D12C1D72E45300BFD5B8 /* ZKMainViewController.xib */; };
		5897D1321D72E58100BFD5B8 /* ZKZoomLayout.m in Sources */ = {isa = PBXBuildFile; fileRef = 5897D1311D72E58100BFD5B8 /* ZKZoomLayout.m */; };
		5897D1351D72E71200BFD5B8 /* ZKZoomCell.m in Sources */ = {isa = PBXBuildFile; fileRef = 5897D1341D72E71200BFD5B8 /* ZKZoomCell.m */; };
/* End PBXBuildFile section */

/* Begin PBXContainerItemProxy section */
		5897D10D1D72E40000BFD5B8 /* PBXContainerItemProxy */ = {
			isa = PBXContainerItemProxy;
			containerPortal = 5897D0EB1D72E40000BFD5B8 /* Project object */;
			proxyType = 1;
			remoteGlobalIDString = 5897D0F21D72E40000BFD5B8;
			remoteInfo = ZKZoomCollectionView;
		};
		5897D1181D72E40000BFD5B8 /* PBXContainerItemProxy */ = {
			isa = PBXContainerItemProxy;
			containerPortal = 5897D0EB1D72E40000BFD5B8 /* Project object */;
			proxyType = 1;
			remoteGlobalIDString = 5897D0F21D72E40000BFD5B8;
			remoteInfo = ZKZoomCollectionView;
		};
/* End PBXContainerItemProxy section */

/* Begin PBXFileReference section */
		5897D0F31D72E40000BFD5B8 /* ZKZoomCollectionView.app */ = {isa = PBXFileReference; explicitFileType = wrapper.application; includeInIndex = 0; path = ZKZoomCollectionView.app; sourceTree = BUILT_PRODUCTS_DIR; };
		5897D0F71D72E40000BFD5B8 /* main.m */ = {isa = PBXFileReference; lastKnownFileType = sourcecode.c.objc; path = main.m; sourceTree = "<group>"; };
		5897D0F91D72E40000BFD5B8 /* AppDelegate.h */ = {isa = PBXFileReference; lastKnownFileType = sourcecode.c.h; path = AppDelegate.h; sourceTree = "<group>"; };
		5897D0FA1D72E40000BFD5B8 /* AppDelegate.m */ = {isa = PBXFileReference; lastKnownFileType = sourcecode.c.objc; path = AppDelegate.m; sourceTree = "<group>"; };
		5897D1021D72E40000BFD5B8 /* Assets.xcassets */ = {isa = PBXFileReference; lastKnownFileType = folder.assetcatalog; path = Assets.xcassets; sourceTree = "<group>"; };
		5897D1051D72E40000BFD5B8 /* Base */ = {isa = PBXFileReference; lastKnownFileType = file.storyboard; name = Base; path = Base.lproj/LaunchScreen.storyboard; sourceTree = "<group>"; };
		5897D1071D72E40000BFD5B8 /* Info.plist */ = {isa = PBXFileReference; lastKnownFileType = text.plist.xml; path = Info.plist; sourceTree = "<group>"; };
		5897D10C1D72E40000BFD5B8 /* ZKZoomCollectionViewTests.xctest */ = {isa = PBXFileReference; explicitFileType = wrapper.cfbundle; includeInIndex = 0; path = ZKZoomCollectionViewTests.xctest; sourceTree = BUILT_PRODUCTS_DIR; };
		5897D1101D72E40000BFD5B8 /* ZKZoomCollectionViewTests.m */ = {isa = PBXFileReference; lastKnownFileType = sourcecode.c.objc; path = ZKZoomCollectionViewTests.m; sourceTree = "<group>"; };
		5897D1121D72E40000BFD5B8 /* Info.plist */ = {isa = PBXFileReference; lastKnownFileType = text.plist.xml; path = Info.plist; sourceTree = "<group>"; };
		5897D1171D72E40000BFD5B8 /* ZKZoomCollectionViewUITests.xctest */ = {isa = PBXFileReference; explicitFileType = wrapper.cfbundle; includeInIndex = 0; path = ZKZoomCollectionViewUITests.xctest; sourceTree = BUILT_PRODUCTS_DIR; };
		5897D11B1D72E40000BFD5B8 /* ZKZoomCollectionViewUITests.m */ = {isa = PBXFileReference; lastKnownFileType = sourcecode.c.objc; path = ZKZoomCollectionViewUITests.m; sourceTree = "<group>"; };
		5897D11D1D72E40000BFD5B8 /* Info.plist */ = {isa = PBXFileReference; lastKnownFileType = text.plist.xml; path = Info.plist; sourceTree = "<group>"; };
		5897D12A1D72E45300BFD5B8 /* ZKMainViewController.h */ = {isa = PBXFileReference; fileEncoding = 4; lastKnownFileType = sourcecode.c.h; path = ZKMainViewController.h; sourceTree = "<group>"; };
		5897D12B1D72E45300BFD5B8 /* ZKMainViewController.m */ = {isa = PBXFileReference; fileEncoding = 4; lastKnownFileType = sourcecode.c.objc; path = ZKMainViewController.m; sourceTree = "<group>"; };
		5897D12C1D72E45300BFD5B8 /* ZKMainViewController.xib */ = {isa = PBXFileReference; fileEncoding = 4; lastKnownFileType = file.xib; path = ZKMainViewController.xib; sourceTree = "<group>"; };
		5897D1301D72E58100BFD5B8 /* ZKZoomLayout.h */ = {isa = PBXFileReference; fileEncoding = 4; lastKnownFileType = sourcecode.c.h; path = ZKZoomLayout.h; sourceTree = "<group>"; };
		5897D1311D72E58100BFD5B8 /* ZKZoomLayout.m */ = {isa = PBXFileReference; fileEncoding = 4; lastKnownFileType = sourcecode.c.objc; path = ZKZoomLayout.m; sourceTree = "<group>"; };
		5897D1331D72E71200BFD5B8 /* ZKZoomCell.h */ = {isa = PBXFileReference; fileEncoding = 4; lastKnownFileType = sourcecode.c.h; path = ZKZoomCell.h; sourceTree = "<group>"; };
		5897D1341D72E71200BFD5B8 /* ZKZoomCell.m */ = {isa = PBXFileReference; fileEncoding = 4; lastKnownFileType = sourcecode.c.objc; path = ZKZoomCell.m; sourceTree = "<group>"; };
/* End PBXFileReference section */

/* Begin PBXFrameworksBuildPhase section */
		5897D0F01D72E40000BFD5B8 /* Frameworks */ = {
			isa = PBXFrameworksBuildPhase;
			buildActionMask = 2147483647;
			files = (
			);
			runOnlyForDeploymentPostprocessing = 0;
		};
		5897D1091D72E40000BFD5B8 /* Frameworks */ = {
			isa = PBXFrameworksBuildPhase;
			buildActionMask = 2147483647;
			files = (
			);
			runOnlyForDeploymentPostprocessing = 0;
		};
		5897D1141D72E40000BFD5B8 /* Frameworks */ = {
			isa = PBXFrameworksBuildPhase;
			buildActionMask = 2147483647;
			files = (
			);
			runOnlyForDeploymentPostprocessing = 0;
		};
/* End PBXFrameworksBuildPhase section */

/* Begin PBXGroup section */
		5897D0EA1D72E40000BFD5B8 = {
			isa = PBXGroup;
			children = (
				5897D0F51D72E40000BFD5B8 /* ZKZoomCollectionView */,
				5897D10F1D72E40000BFD5B8 /* ZKZoomCollectionViewTests */,
				5897D11A1D72E40000BFD5B8 /* ZKZoomCollectionViewUITests */,
				5897D0F41D72E40000BFD5B8 /* Products */,
			);
			sourceTree = "<group>";
		};
		5897D0F41D72E40000BFD5B8 /* Products */ = {
			isa = PBXGroup;
			children = (
				5897D0F31D72E40000BFD5B8 /* ZKZoomCollectionView.app */,
				5897D10C1D72E40000BFD5B8 /* ZKZoomCollectionViewTests.xctest */,
				5897D1171D72E40000BFD5B8 /* ZKZoomCollectionViewUITests.xctest */,
			);
			name = Products;
			sourceTree = "<group>";
		};
		5897D0F51D72E40000BFD5B8 /* ZKZoomCollectionView */ = {
			isa = PBXGroup;
			children = (
				5897D0F91D72E40000BFD5B8 /* AppDelegate.h */,
				5897D0FA1D72E40000BFD5B8 /* AppDelegate.m */,
				5897D1291D72E43100BFD5B8 /* Classes */,
				5897D0F61D72E40000BFD5B8 /* Supporting Files */,
			);
			path = ZKZoomCollectionView;
			sourceTree = "<group>";
		};
		5897D0F61D72E40000BFD5B8 /* Supporting Files */ = {
			isa = PBXGroup;
			children = (
				5897D1021D72E40000BFD5B8 /* Assets.xcassets */,
				5897D1041D72E40000BFD5B8 /* LaunchScreen.storyboard */,
				5897D1071D72E40000BFD5B8 /* Info.plist */,
				5897D0F71D72E40000BFD5B8 /* main.m */,
			);
			name = "Supporting Files";
			sourceTree = "<group>";
		};
		5897D10F1D72E40000BFD5B8 /* ZKZoomCollectionViewTests */ = {
			isa = PBXGroup;
			children = (
				5897D1101D72E40000BFD5B8 /* ZKZoomCollectionViewTests.m */,
				5897D1121D72E40000BFD5B8 /* Info.plist */,
			);
			path = ZKZoomCollectionViewTests;
			sourceTree = "<group>";
		};
		5897D11A1D72E40000BFD5B8 /* ZKZoomCollectionViewUITests */ = {
			isa = PBXGroup;
			children = (
				5897D11B1D72E40000BFD5B8 /* ZKZoomCollectionViewUITests.m */,
				5897D11D1D72E40000BFD5B8 /* Info.plist */,
			);
			path = ZKZoomCollectionViewUITests;
			sourceTree = "<group>";
		};
		5897D1291D72E43100BFD5B8 /* Classes */ = {
			isa = PBXGroup;
			children = (
				5897D12F1D72E52F00BFD5B8 /* ZKZoomLayout */,
				5897D12A1D72E45300BFD5B8 /* ZKMainViewController.h */,
				5897D12B1D72E45300BFD5B8 /* ZKMainViewController.m */,
				5897D12C1D72E45300BFD5B8 /* ZKMainViewController.xib */,
				5897D1331D72E71200BFD5B8 /* ZKZoomCell.h */,
				5897D1341D72E71200BFD5B8 /* ZKZoomCell.m */,
			);
			path = Classes;
			sourceTree = "<group>";
		};
		5897D12F1D72E52F00BFD5B8 /* ZKZoomLayout */ = {
			isa = PBXGroup;
			children = (
				5897D1301D72E58100BFD5B8 /* ZKZoomLayout.h */,
				5897D1311D72E58100BFD5B8 /* ZKZoomLayout.m */,
			);
			path = ZKZoomLayout;
			sourceTree = "<group>";
		};
/* End PBXGroup section */

/* Begin PBXNativeTarget section */
		5897D0F21D72E40000BFD5B8 /* ZKZoomCollectionView */ = {
			isa = PBXNativeTarget;
			buildConfigurationList = 5897D1201D72E40000BFD5B8 /* Build configuration list for PBXNativeTarget "ZKZoomCollectionView" */;
			buildPhases = (
				5897D0EF1D72E40000BFD5B8 /* Sources */,
				5897D0F01D72E40000BFD5B8 /* Frameworks */,
				5897D0F11D72E40000BFD5B8 /* Resources */,
			);
			buildRules = (
			);
			dependencies = (
			);
			name = ZKZoomCollectionView;
			productName = ZKZoomCollectionView;
			productReference = 5897D0F31D72E40000BFD5B8 /* ZKZoomCollectionView.app */;
			productType = "com.apple.product-type.application";
		};
		5897D10B1D72E40000BFD5B8 /* ZKZoomCollectionViewTests */ = {
			isa = PBXNativeTarget;
			buildConfigurationList = 5897D1231D72E40000BFD5B8 /* Build configuration list for PBXNativeTarget "ZKZoomCollectionViewTests" */;
			buildPhases = (
				5897D1081D72E40000BFD5B8 /* Sources */,
				5897D1091D72E40000BFD5B8 /* Frameworks */,
				5897D10A1D72E40000BFD5B8 /* Resources */,
			);
			buildRules = (
			);
			dependencies = (
				5897D10E1D72E40000BFD5B8 /* PBXTargetDependency */,
			);
			name = ZKZoomCollectionViewTests;
			productName = ZKZoomCollectionViewTests;
			productReference = 5897D10C1D72E40000BFD5B8 /* ZKZoomCollectionViewTests.xctest */;
			productType = "com.apple.product-type.bundle.unit-test";
		};
		5897D1161D72E40000BFD5B8 /* ZKZoomCollectionViewUITests */ = {
			isa = PBXNativeTarget;
			buildConfigurationList = 5897D1261D72E40000BFD5B8 /* Build configuration list for PBXNativeTarget "ZKZoomCollectionViewUITests" */;
			buildPhases = (
				5897D1131D72E40000BFD5B8 /* Sources */,
				5897D1141D72E40000BFD5B8 /* Frameworks */,
				5897D1151D72E40000BFD5B8 /* Resources */,
			);
			buildRules = (
			);
			dependencies = (
				5897D1191D72E40000BFD5B8 /* PBXTargetDependency */,
			);
			name = ZKZoomCollectionViewUITests;
			productName = ZKZoomCollectionViewUITests;
			productReference = 5897D1171D72E40000BFD5B8 /* ZKZoomCollectionViewUITests.xctest */;
			productType = "com.apple.product-type.bundle.ui-testing";
		};
/* End PBXNativeTarget section */

/* Begin PBXProject section */
		5897D0EB1D72E40000BFD5B8 /* Project object */ = {
			isa = PBXProject;
			attributes = {
				LastUpgradeCheck = 0720;
				ORGANIZATIONNAME = ZK;
				TargetAttributes = {
					5897D0F21D72E40000BFD5B8 = {
						CreatedOnToolsVersion = 7.2.1;
					};
					5897D10B1D72E40000BFD5B8 = {
						CreatedOnToolsVersion = 7.2.1;
						TestTargetID = 5897D0F21D72E40000BFD5B8;
					};
					5897D1161D72E40000BFD5B8 = {
						CreatedOnToolsVersion = 7.2.1;
						TestTargetID = 5897D0F21D72E40000BFD5B8;
					};
				};
			};
			buildConfigurationList = 5897D0EE1D72E40000BFD5B8 /* Build configuration list for PBXProject "ZKZoomCollectionView" */;
			compatibilityVersion = "Xcode 3.2";
			developmentRegion = English;
			hasScannedForEncodings = 0;
			knownRegions = (
				en,
				Base,
			);
			mainGroup = 5897D0EA1D72E40000BFD5B8;
			productRefGroup = 5897D0F41D72E40000BFD5B8 /* Products */;
			projectDirPath = "";
			projectRoot = "";
			targets = (
				5897D0F21D72E40000BFD5B8 /* ZKZoomCollectionView */,
				5897D10B1D72E40000BFD5B8 /* ZKZoomCollectionViewTests */,
				5897D1161D72E40000BFD5B8 /* ZKZoomCollectionViewUITests */,
			);
		};
/* End PBXProject section */

/* Begin PBXResourcesBuildPhase section */
		5897D0F11D72E40000BFD5B8 /* Resources */ = {
			isa = PBXResourcesBuildPhase;
			buildActionMask = 2147483647;
			files = (
				5897D1061D72E40000BFD5B8 /* LaunchScreen.storyboard in Resources */,
				5897D1031D72E40000BFD5B8 /* Assets.xcassets in Resources */,
				5897D12E1D72E45300BFD5B8 /* ZKMainViewController.xib in Resources */,
			);
			runOnlyForDeploymentPostprocessing = 0;
		};
		5897D10A1D72E40000BFD5B8 /* Resources */ = {
			isa = PBXResourcesBuildPhase;
			buildActionMask = 2147483647;
			files = (
			);
			runOnlyForDeploymentPostprocessing = 0;
		};
		5897D1151D72E40000BFD5B8 /* Resources */ = {
			isa = PBXResourcesBuildPhase;
			buildActionMask = 2147483647;
			files = (
			);
			runOnlyForDeploymentPostprocessing = 0;
		};
/* End PBXResourcesBuildPhase section */

/* Begin PBXSourcesBuildPhase section */
		5897D0EF1D72E40000BFD5B8 /* Sources */ = {
			isa = PBXSourcesBuildPhase;
			buildActionMask = 2147483647;
			files = (
				5897D0FB1D72E40000BFD5B8 /* AppDelegate.m in Sources */,
				5897D1321D72E58100BFD5B8 /* ZKZoomLayout.m in Sources */,
				5897D1351D72E71200BFD5B8 /* ZKZoomCell.m in Sources */,
				5897D0F81D72E40000BFD5B8 /* main.m in Sources */,
				5897D12D1D72E45300BFD5B8 /* ZKMainViewController.m in Sources */,
			);
			runOnlyForDeploymentPostprocessing = 0;
		};
		5897D1081D72E40000BFD5B8 /* Sources */ = {
			isa = PBXSourcesBuildPhase;
			buildActionMask = 2147483647;
			files = (
				5897D1111D72E40000BFD5B8 /* ZKZoomCollectionViewTests.m in Sources */,
			);
			runOnlyForDeploymentPostprocessing = 0;
		};
		5897D1131D72E40000BFD5B8 /* Sources */ = {
			isa = PBXSourcesBuildPhase;
			buildActionMask = 2147483647;
			files = (
				5897D11C1D72E40000BFD5B8 /* ZKZoomCollectionViewUITests.m in Sources */,
			);
			runOnlyForDeploymentPostprocessing = 0;
		};
/* End PBXSourcesBuildPhase section */

/* Begin PBXTargetDependency section */
		5897D10E1D72E40000BFD5B8 /* PBXTargetDependency */ = {
			isa = PBXTargetDependency;
			target = 5897D0F21D72E40000BFD5B8 /* ZKZoomCollectionView */;
			targetProxy = 5897D10D1D72E40000BFD5B8 /* PBXContainerItemProxy */;
		};
		5897D1191D72E40000BFD5B8 /* PBXTargetDependency */ = {
			isa = PBXTargetDependency;
			target = 5897D0F21D72E40000BFD5B8 /* ZKZoomCollectionView */;
			targetProxy = 5897D1181D72E40000BFD5B8 /* PBXContainerItemProxy */;
		};
/* End PBXTargetDependency section */

/* Begin PBXVariantGroup section */
		5897D1041D72E40000BFD5B8 /* LaunchScreen.storyboard */ = {
			isa = PBXVariantGroup;
			children = (
				5897D1051D72E40000BFD5B8 /* Base */,
			);
			name = LaunchScreen.storyboard;
			sourceTree = "<group>";
		};
/* End PBXVariantGroup section */

/* Begin XCBuildConfiguration section */
		5897D11E1D72E40000BFD5B8 /* Debug */ = {
			isa = XCBuildConfiguration;
			buildSettings = {
				ALWAYS_SEARCH_USER_PATHS = NO;
				CLANG_CXX_LANGUAGE_STANDARD = "gnu++0x";
				CLANG_CXX_LIBRARY = "libc++";
				CLANG_ENABLE_MODULES = YES;
				CLANG_ENABLE_OBJC_ARC = YES;
				CLANG_WARN_BOOL_CONVERSION = YES;
				CLANG_WARN_CONSTANT_CONVERSION = YES;
				CLANG_WARN_DIRECT_OBJC_ISA_USAGE = YES_ERROR;
				CLANG_WARN_EMPTY_BODY = YES;
				CLANG_WARN_ENUM_CONVERSION = YES;
				CLANG_WARN_INT_CONVERSION = YES;
				CLANG_WARN_OBJC_ROOT_CLASS = YES_ERROR;
				CLANG_WARN_UNREACHABLE_CODE = YES;
				CLANG_WARN__DUPLICATE_METHOD_MATCH = YES;
				"CODE_SIGN_IDENTITY[sdk=iphoneos*]" = "iPhone Developer";
				COPY_PHASE_STRIP = NO;
				DEBUG_INFORMATION_FORMAT = dwarf;
				ENABLE_STRICT_OBJC_MSGSEND = YES;
				ENABLE_TESTABILITY = YES;
				GCC_C_LANGUAGE_STANDARD = gnu99;
				GCC_DYNAMIC_NO_PIC = NO;
				GCC_NO_COMMON_BLOCKS = YES;
				GCC_OPTIMIZATION_LEVEL = 0;
				GCC_PREPROCESSOR_DEFINITIONS = (
					"DEBUG=1",
					"$(inherited)",
				);
				GCC_WARN_64_TO_32_BIT_CONVERSION = YES;
				GCC_WARN_ABOUT_RETURN_TYPE = YES_ERROR;
				GCC_WARN_UNDECLARED_SELECTOR = YES;
				GCC_WARN_UNINITIALIZED_AUTOS = YES_AGGRESSIVE;
				GCC_WARN_UNUSED_FUNCTION = YES;
				GCC_WARN_UNUSED_VARIABLE = YES;
				IPHONEOS_DEPLOYMENT_TARGET = 9.2;
				MTL_ENABLE_DEBUG_INFO = YES;
				ONLY_ACTIVE_ARCH = YES;
				SDKROOT = iphoneos;
				TARGETED_DEVICE_FAMILY = "1,2";
			};
			name = Debug;
		};
		5897D11F1D72E40000BFD5B8 /* Release */ = {
			isa = XCBuildConfiguration;
			buildSettings = {
				ALWAYS_SEARCH_USER_PATHS = NO;
				CLANG_CXX_LANGUAGE_STANDARD = "gnu++0x";
				CLANG_CXX_LIBRARY = "libc++";
				CLANG_ENABLE_MODULES = YES;
				CLANG_ENABLE_OBJC_ARC = YES;
				CLANG_WARN_BOOL_CONVERSION = YES;
				CLANG_WARN_CONSTANT_CONVERSION = YES;
				CLANG_WARN_DIRECT_OBJC_ISA_USAGE = YES_ERROR;
				CLANG_WARN_EMPTY_BODY = YES;
				CLANG_WARN_ENUM_CONVERSION = YES;
				CLANG_WARN_INT_CONVERSION = YES;
				CLANG_WARN_OBJC_ROOT_CLASS = YES_ERROR;
				CLANG_WARN_UNREACHABLE_CODE = YES;
				CLANG_WARN__DUPLICATE_METHOD_MATCH = YES;
				"CODE_SIGN_IDENTITY[sdk=iphoneos*]" = "iPhone Developer";
				COPY_PHASE_STRIP = NO;
				DEBUG_INFORMATION_FORMAT = "dwarf-with-dsym";
				ENABLE_NS_ASSERTIONS = NO;
				ENABLE_STRICT_OBJC_MSGSEND = YES;
				GCC_C_LANGUAGE_STANDARD = gnu99;
				GCC_NO_COMMON_BLOCKS = YES;
				GCC_WARN_64_TO_32_BIT_CONVERSION = YES;
				GCC_WARN_ABOUT_RETURN_TYPE = YES_ERROR;
				GCC_WARN_UNDECLARED_SELECTOR = YES;
				GCC_WARN_UNINITIALIZED_AUTOS = YES_AGGRESSIVE;
				GCC_WARN_UNUSED_FUNCTION = YES;
				GCC_WARN_UNUSED_VARIABLE = YES;
				IPHONEOS_DEPLOYMENT_TARGET = 9.2;
				MTL_ENABLE_DEBUG_INFO = NO;
				SDKROOT = iphoneos;
				TARGETED_DEVICE_FAMILY = "1,2";
				VALIDATE_PRODUCT = YES;
			};
			name = Release;
		};
		5897D1211D72E40000BFD5B8 /* Debug */ = {
			isa = XCBuildConfiguration;
			buildSettings = {
				ASSETCATALOG_COMPILER_APPICON_NAME = AppIcon;
				INFOPLIST_FILE = ZKZoomCollectionView/Info.plist;
				IPHONEOS_DEPLOYMENT_TARGET = 8.1;
				LD_RUNPATH_SEARCH_PATHS = "$(inherited) @executable_path/Frameworks";
				PRODUCT_BUNDLE_IDENTIFIER = com.zk520it.ZKZoomCollectionView;
				PRODUCT_NAME = "$(TARGET_NAME)";
			};
			name = Debug;
		};
		5897D1221D72E40000BFD5B8 /* Release */ = {
			isa = XCBuildConfiguration;
			buildSettings = {
				ASSETCATALOG_COMPILER_APPICON_NAME = AppIcon;
				INFOPLIST_FILE = ZKZoomCollectionView/Info.plist;
				IPHONEOS_DEPLOYMENT_TARGET = 8.1;
				LD_RUNPATH_SEARCH_PATHS = "$(inherited) @executable_path/Frameworks";
				PRODUCT_BUNDLE_IDENTIFIER = com.zk520it.ZKZoomCollectionView;
				PRODUCT_NAME = "$(TARGET_NAME)";
			};
			name = Release;
		};
		5897D1241D72E40000BFD5B8 /* Debug */ = {
			isa = XCBuildConfiguration;
			buildSettings = {
				BUNDLE_LOADER = "$(TEST_HOST)";
				INFOPLIST_FILE = ZKZoomCollectionViewTests/Info.plist;
				LD_RUNPATH_SEARCH_PATHS = "$(inherited) @executable_path/Frameworks @loader_path/Frameworks";
				PRODUCT_BUNDLE_IDENTIFIER = com.zk520it.ZKZoomCollectionViewTests;
				PRODUCT_NAME = "$(TARGET_NAME)";
				TEST_HOST = "$(BUILT_PRODUCTS_DIR)/ZKZoomCollectionView.app/ZKZoomCollectionView";
			};
			name = Debug;
		};
		5897D1251D72E40000BFD5B8 /* Release */ = {
			isa = XCBuildConfiguration;
			buildSettings = {
				BUNDLE_LOADER = "$(TEST_HOST)";
				INFOPLIST_FILE = ZKZoomCollectionViewTests/Info.plist;
				LD_RUNPATH_SEARCH_PATHS = "$(inherited) @executable_path/Frameworks @loader_path/Frameworks";
				PRODUCT_BUNDLE_IDENTIFIER = com.zk520it.ZKZoomCollectionViewTests;
				PRODUCT_NAME = "$(TARGET_NAME)";
				TEST_HOST = "$(BUILT_PRODUCTS_DIR)/ZKZoomCollectionView.app/ZKZoomCollectionView";
			};
			name = Release;
		};
		5897D1271D72E40000BFD5B8 /* Debug */ = {
			isa = XCBuildConfiguration;
			buildSettings = {
				INFOPLIST_FILE = ZKZoomCollectionViewUITests/Info.plist;
				LD_RUNPATH_SEARCH_PATHS = "$(inherited) @executable_path/Frameworks @loader_path/Frameworks";
				PRODUCT_BUNDLE_IDENTIFIER = com.zk520it.ZKZoomCollectionViewUITests;
				PRODUCT_NAME = "$(TARGET_NAME)";
				TEST_TARGET_NAME = ZKZoomCollectionView;
				USES_XCTRUNNER = YES;
			};
			name = Debug;
		};
		5897D1281D72E40000BFD5B8 /* Release */ = {
			isa = XCBuildConfiguration;
			buildSettings = {
				INFOPLIST_FILE = ZKZoomCollectionViewUITests/Info.plist;
				LD_RUNPATH_SEARCH_PATHS = "$(inherited) @executable_path/Frameworks @loader_path/Frameworks";
				PRODUCT_BUNDLE_IDENTIFIER = com.zk520it.ZKZoomCollectionViewUITests;
				PRODUCT_NAME = "$(TARGET_NAME)";
				TEST_TARGET_NAME = ZKZoomCollectionView;
				USES_XCTRUNNER = YES;
			};
			name = Release;
		};
/* End XCBuildConfiguration section */

/* Begin XCConfigurationList section */
		5897D0EE1D72E40000BFD5B8 /* Build configuration list for PBXProject "ZKZoomCollectionView" */ = {
			isa = XCConfigurationList;
			buildConfigurations = (
				5897D11E1D72E40000BFD5B8 /* Debug */,
				5897D11F1D72E40000BFD5B8 /* Release */,
			);
			defaultConfigurationIsVisible = 0;
			defaultConfigurationName = Release;
		};
		5897D1201D72E40000BFD5B8 /* Build configuration list for PBXNativeTarget "ZKZoomCollectionView" */ = {
			isa = XCConfigurationList;
			buildConfigurations = (
				5897D1211D72E40000BFD5B8 /* Debug */,
				5897D1221D72E40000BFD5B8 /* Release */,
			);
			defaultConfigurationIsVisible = 0;
		};
		5897D1231D72E40000BFD5B8 /* Build configuration list for PBXNativeTarget "ZKZoomCollectionViewTests" */ = {
			isa = XCConfigurationList;
			buildConfigurations = (
				5897D1241D72E40000BFD5B8 /* Debug */,
				5897D1251D72E40000BFD5B8 /* Release */,
			);
			defaultConfigurationIsVisible = 0;
		};
		5897D1261D72E40000BFD5B8 /* Build configuration list for PBXNativeTarget "ZKZoomCollectionViewUITests" */ = {
			isa = XCConfigurationList;
			buildConfigurations = (
				5897D1271D72E40000BFD5B8 /* Debug */,
				5897D1281D72E40000BFD5B8 /* Release */,
			);
			defaultConfigurationIsVisible = 0;
		};
/* End XCConfigurationList section */
	};
	rootObject = 5897D0EB1D72E40000BFD5B8 /* Project object */;
}
